
Microsoft Visual Studio Solution File, Format Version 12.00
# Visual Studio Version 16
VisualStudioVersion = 16.0.31229.75
MinimumVisualStudioVersion = 10.0.40219.1
Project("{FAE04EC0-301F-11D3-BF4B-00C04F79EFBC}") = "Mexty", "Mexty\Mexty.csproj", "{235C05CC-5B83-4391-A640-DE2E79DBEE3C}"
EndProject
Global
	GlobalSection(SolutionConfigurationPlatforms) = preSolution
		Debug|Any CPU = Debug|Any CPU
		Release|Any CPU = Release|Any CPU
	EndGlobalSection
	GlobalSection(ProjectConfigurationPlatforms) = postSolution
		{235C05CC-5B83-4391-A640-DE2E79DBEE3C}.Debug|Any CPU.ActiveCfg = Debug|Any CPU
		{235C05CC-5B83-4391-A640-DE2E79DBEE3C}.Debug|Any CPU.Build.0 = Debug|Any CPU
		{235C05CC-5B83-4391-A640-DE2E79DBEE3C}.Release|Any CPU.ActiveCfg = Release|Any CPU
		{235C05CC-5B83-4391-A640-DE2E79DBEE3C}.Release|Any CPU.Build.0 = Release|Any CPU
	EndGlobalSection
	GlobalSection(SolutionProperties) = preSolution
		HideSolutionNode = FALSE
	EndGlobalSection
	GlobalSection(ExtensibilityGlobals) = postSolution
		SolutionGuid = {D3A85BCA-90BD-42B4-AB7A-7BF7C231709D}
	EndGlobalSection
EndGlobal
